
Microsoft Visual Studio Solution File, Format Version 12.00
# Visual Studio Version 16
VisualStudioVersion = 16.0.31424.327
MinimumVisualStudioVersion = 10.0.40219.1
Project("{F184B08F-C81C-45F6-A57F-5ABD9991F28F}") = "Blog_Project", "Blog_Project.vbproj", "{F6FB6379-72A9-430E-9099-1ED18CFD84FF}"
EndProject
Global
	GlobalSection(SolutionConfigurationPlatforms) = preSolution
		Debug|Any CPU = Debug|Any CPU
		Release|Any CPU = Release|Any CPU
	EndGlobalSection
	GlobalSection(ProjectConfigurationPlatforms) = postSolution
		{F6FB6379-72A9-430E-9099-1ED18CFD84FF}.Debug|Any CPU.ActiveCfg = Debug|Any CPU
		{F6FB6379-72A9-430E-9099-1ED18CFD84FF}.Debug|Any CPU.Build.0 = Debug|Any CPU
		{F6FB6379-72A9-430E-9099-1ED18CFD84FF}.Release|Any CPU.ActiveCfg = Release|Any CPU
		{F6FB6379-72A9-430E-9099-1ED18CFD84FF}.Release|Any CPU.Build.0 = Release|Any CPU
	EndGlobalSection
	GlobalSection(SolutionProperties) = preSolution
		HideSolutionNode = FALSE
	EndGlobalSection
	GlobalSection(ExtensibilityGlobals) = postSolution
		SolutionGuid = {BD97B3B2-8EA7-425F-A2E5-8BAD6112084A}
	EndGlobalSection
EndGlobal
